
Microsoft Visual Studio Solution File, Format Version 12.00
# Visual Studio Version 16
VisualStudioVersion = 16.0.30804.86
MinimumVisualStudioVersion = 10.0.40219.1
Project("{9A19103F-16F7-4668-BE54-9A1E7A4F7556}") = "BlazorBank", "BlazorBank.csproj", "{D9932220-A6F1-488C-BC95-0F5CB852F6E1}"
EndProject
Global
	GlobalSection(SolutionConfigurationPlatforms) = preSolution
		Debug|Any CPU = Debug|Any CPU
		Release|Any CPU = Release|Any CPU
	EndGlobalSection
	GlobalSection(ProjectConfigurationPlatforms) = postSolution
		{D9932220-A6F1-488C-BC95-0F5CB852F6E1}.Debug|Any CPU.ActiveCfg = Debug|Any CPU
		{D9932220-A6F1-488C-BC95-0F5CB852F6E1}.Debug|Any CPU.Build.0 = Debug|Any CPU
		{D9932220-A6F1-488C-BC95-0F5CB852F6E1}.Release|Any CPU.ActiveCfg = Release|Any CPU
		{D9932220-A6F1-488C-BC95-0F5CB852F6E1}.Release|Any CPU.Build.0 = Release|Any CPU
	EndGlobalSection
	GlobalSection(SolutionProperties) = preSolution
		HideSolutionNode = FALSE
	EndGlobalSection
	GlobalSection(ExtensibilityGlobals) = postSolution
		SolutionGuid = {FC7659FC-E0B3-433F-A3F0-3B6AC086E11D}
	EndGlobalSection
EndGlobal
